{
  "name": "cc2145a2fe1558fa",
  "lockfileVersion": 3,
  "requires": true,
  "packages": {
    "": {
      "dependencies": {
        "create-next-app": "^15.3.0"
      }
    },
    "node_modules/create-next-app": {
      "version": "15.3.0",
      "resolved": "https://registry.npmjs.org/create-next-app/-/create-next-app-15.3.0.tgz",
      "integrity": "sha512-Il62oxcM0liEz+SCx/HcGslHWVvWOwPs8263M8p3RJo09UUAjdsDAFLpQJDh70ngULMOEUXPB9UhvkMzFI38jg==",
      "license": "MIT",
      "bin": {
        "create-next-app": "dist/index.js"
      },
      "engines": {
        "node": ">=18.18.0"
      }
    }
  }
}
